
Microsoft Visual Studio Solution File, Format Version 12.00
# Visual Studio Version 17
VisualStudioVersion = 17.10.35027.167
MinimumVisualStudioVersion = 10.0.40219.1
Project("{8BC9CEB8-8B4A-11D0-8D11-00A0C91BC942}") = "MT3_03_00_ex", "MT3_03_00_ex.vcxproj", "{5F835069-7103-40D6-9DAF-0474733EA49D}"
EndProject
Global
	GlobalSection(SolutionConfigurationPlatforms) = preSolution
		Debug|x64 = Debug|x64
		Release|x64 = Release|x64
	EndGlobalSection
	GlobalSection(ProjectConfigurationPlatforms) = postSolution
		{5F835069-7103-40D6-9DAF-0474733EA49D}.Debug|x64.ActiveCfg = Debug|x64
		{5F835069-7103-40D6-9DAF-0474733EA49D}.Debug|x64.Build.0 = Debug|x64
		{5F835069-7103-40D6-9DAF-0474733EA49D}.Release|x64.ActiveCfg = Release|x64
		{5F835069-7103-40D6-9DAF-0474733EA49D}.Release|x64.Build.0 = Release|x64
	EndGlobalSection
	GlobalSection(SolutionProperties) = preSolution
		HideSolutionNode = FALSE
	EndGlobalSection
	GlobalSection(ExtensibilityGlobals) = postSolution
		SolutionGuid = {16BC4293-D7D1-46BB-871D-2EF7851E89B4}
	EndGlobalSection
EndGlobal
